
Microsoft Visual Studio Solution File, Format Version 12.00
# Visual Studio 15
VisualStudioVersion = 15.0.27130.0
MinimumVisualStudioVersion = 10.0.40219.1
Project("{FAE04EC0-301F-11D3-BF4B-00C04F79EFBC}") = "AirportService", "AirportService\AirportService.csproj", "{486463BB-2F2D-41A8-A650-AD3DB199A018}"
EndProject
Project("{FAE04EC0-301F-11D3-BF4B-00C04F79EFBC}") = "AirportEntities", "AirportEntities\AirportEntities.csproj", "{5CBE91BB-3A5B-4BD7-B1DE-52889E2FFC93}"
EndProject
Project("{FAE04EC0-301F-11D3-BF4B-00C04F79EFBC}") = "AirportData", "AirportData\AirportData.csproj", "{C9619788-96E4-44BF-AA22-82A08BEAFD4D}"
EndProject
Global
	GlobalSection(SolutionConfigurationPlatforms) = preSolution
		Debug|Any CPU = Debug|Any CPU
		Release|Any CPU = Release|Any CPU
	EndGlobalSection
	GlobalSection(ProjectConfigurationPlatforms) = postSolution
		{486463BB-2F2D-41A8-A650-AD3DB199A018}.Debug|Any CPU.ActiveCfg = Debug|Any CPU
		{486463BB-2F2D-41A8-A650-AD3DB199A018}.Debug|Any CPU.Build.0 = Debug|Any CPU
		{486463BB-2F2D-41A8-A650-AD3DB199A018}.Release|Any CPU.ActiveCfg = Release|Any CPU
		{486463BB-2F2D-41A8-A650-AD3DB199A018}.Release|Any CPU.Build.0 = Release|Any CPU
		{5CBE91BB-3A5B-4BD7-B1DE-52889E2FFC93}.Debug|Any CPU.ActiveCfg = Debug|Any CPU
		{5CBE91BB-3A5B-4BD7-B1DE-52889E2FFC93}.Debug|Any CPU.Build.0 = Debug|Any CPU
		{5CBE91BB-3A5B-4BD7-B1DE-52889E2FFC93}.Release|Any CPU.ActiveCfg = Release|Any CPU
		{5CBE91BB-3A5B-4BD7-B1DE-52889E2FFC93}.Release|Any CPU.Build.0 = Release|Any CPU
		{C9619788-96E4-44BF-AA22-82A08BEAFD4D}.Debug|Any CPU.ActiveCfg = Debug|Any CPU
		{C9619788-96E4-44BF-AA22-82A08BEAFD4D}.Debug|Any CPU.Build.0 = Debug|Any CPU
		{C9619788-96E4-44BF-AA22-82A08BEAFD4D}.Release|Any CPU.ActiveCfg = Release|Any CPU
		{C9619788-96E4-44BF-AA22-82A08BEAFD4D}.Release|Any CPU.Build.0 = Release|Any CPU
	EndGlobalSection
	GlobalSection(SolutionProperties) = preSolution
		HideSolutionNode = FALSE
	EndGlobalSection
	GlobalSection(ExtensibilityGlobals) = postSolution
		SolutionGuid = {258166FC-7BDA-4D43-A7DF-EC7E9593268D}
	EndGlobalSection
EndGlobal
